// !$*UTF8*$!
{
	archiveVersion = 1;
	classes = {
	};
	objectVersion = 50;
	objects = {

/* Begin PBXBuildFile section */
		D91869CE213527BE0089F20C /* MenuViewController.swift in Sources */ = {isa = PBXBuildFile; fileRef = D91869CD213527BE0089F20C /* MenuViewController.swift */; };
		D91869D2213528480089F20C /* MenuCell.swift in Sources */ = {isa = PBXBuildFile; fileRef = D91869D0213528480089F20C /* MenuCell.swift */; };
		D91869D3213528480089F20C /* MenuCell.xib in Resources */ = {isa = PBXBuildFile; fileRef = D91869D1213528480089F20C /* MenuCell.xib */; };
		D91869D6213532F80089F20C /* PaintColor.swift in Sources */ = {isa = PBXBuildFile; fileRef = D91869D5213532F80089F20C /* PaintColor.swift */; };
		D91869D8213533E60089F20C /* MenuViewModel.swift in Sources */ = {isa = PBXBuildFile; fileRef = D91869D7213533E60089F20C /* MenuViewModel.swift */; };
		D91869DC2135403C0089F20C /* SharedAppStorage.swift in Sources */ = {isa = PBXBuildFile; fileRef = D91869DB2135403C0089F20C /* SharedAppStorage.swift */; };
		D92D7F692135703800210420 /* AppConstant.swift in Sources */ = {isa = PBXBuildFile; fileRef = D92D7F682135703800210420 /* AppConstant.swift */; };
		D98AD132213517D10039A106 /* AppDelegate.swift in Sources */ = {isa = PBXBuildFile; fileRef = D98AD131213517D10039A106 /* AppDelegate.swift */; };
		D98AD137213517D10039A106 /* Main.storyboard in Resources */ = {isa = PBXBuildFile; fileRef = D98AD135213517D10039A106 /* Main.storyboard */; };
		D98AD139213517D80039A106 /* Assets.xcassets in Resources */ = {isa = PBXBuildFile; fileRef = D98AD138213517D80039A106 /* Assets.xcassets */; };
		D98AD13C213517D80039A106 /* LaunchScreen.storyboard in Resources */ = {isa = PBXBuildFile; fileRef = D98AD13A213517D80039A106 /* LaunchScreen.storyboard */; };
		D98AD147213517D80039A106 /* PaintAppTests.swift in Sources */ = {isa = PBXBuildFile; fileRef = D98AD146213517D80039A106 /* PaintAppTests.swift */; };
		D98AD1532135198F0039A106 /* PaintViewController.swift in Sources */ = {isa = PBXBuildFile; fileRef = D98AD1522135198F0039A106 /* PaintViewController.swift */; };
		D98AD15721351E870039A106 /* PaintViewModel.swift in Sources */ = {isa = PBXBuildFile; fileRef = D98AD15621351E870039A106 /* PaintViewModel.swift */; };
		D9E747C02135AEEE003FD2B4 /* ExternalAccessory.framework in Frameworks */ = {isa = PBXBuildFile; fileRef = D9E747BF2135AEEE003FD2B4 /* ExternalAccessory.framework */; };
		D9F9C1F521369DB400EB0B5A /* CLLocation+Extension.swift in Sources */ = {isa = PBXBuildFile; fileRef = D9F9C1F421369DB400EB0B5A /* CLLocation+Extension.swift */; };
/* End PBXBuildFile section */

/* Begin PBXContainerItemProxy section */
		D98AD143213517D80039A106 /* PBXContainerItemProxy */ = {
			isa = PBXContainerItemProxy;
			containerPortal = D98AD126213517D10039A106 /* Project object */;
			proxyType = 1;
			remoteGlobalIDString = D98AD12D213517D10039A106;
			remoteInfo = PaintApp;
		};
/* End PBXContainerItemProxy section */

/* Begin PBXFileReference section */
		D91869CD213527BE0089F20C /* MenuViewController.swift */ = {isa = PBXFileReference; lastKnownFileType = sourcecode.swift; path = MenuViewController.swift; sourceTree = "<group>"; };
		D91869D0213528480089F20C /* MenuCell.swift */ = {isa = PBXFileReference; lastKnownFileType = sourcecode.swift; path = MenuCell.swift; sourceTree = "<group>"; };
		D91869D1213528480089F20C /* MenuCell.xib */ = {isa = PBXFileReference; lastKnownFileType = file.xib; path = MenuCell.xib; sourceTree = "<group>"; };
		D91869D5213532F80089F20C /* PaintColor.swift */ = {isa = PBXFileReference; lastKnownFileType = sourcecode.swift; path = PaintColor.swift; sourceTree = "<group>"; };
		D91869D7213533E60089F20C /* MenuViewModel.swift */ = {isa = PBXFileReference; lastKnownFileType = sourcecode.swift; path = MenuViewModel.swift; sourceTree = "<group>"; };
		D91869DB2135403C0089F20C /* SharedAppStorage.swift */ = {isa = PBXFileReference; lastKnownFileType = sourcecode.swift; path = SharedAppStorage.swift; sourceTree = "<group>"; };
		D92D7F682135703800210420 /* AppConstant.swift */ = {isa = PBXFileReference; fileEncoding = 4; lastKnownFileType = sourcecode.swift; path = AppConstant.swift; sourceTree = "<group>"; };
		D98AD12E213517D10039A106 /* PaintApp.app */ = {isa = PBXFileReference; explicitFileType = wrapper.application; includeInIndex = 0; path = PaintApp.app; sourceTree = BUILT_PRODUCTS_DIR; };
		D98AD131213517D10039A106 /* AppDelegate.swift */ = {isa = PBXFileReference; lastKnownFileType = sourcecode.swift; path = AppDelegate.swift; sourceTree = "<group>"; };
		D98AD136213517D10039A106 /* Base */ = {isa = PBXFileReference; lastKnownFileType = file.storyboard; name = Base; path = Base.lproj/Main.storyboard; sourceTree = "<group>"; };
		D98AD138213517D80039A106 /* Assets.xcassets */ = {isa = PBXFileReference; lastKnownFileType = folder.assetcatalog; path = Assets.xcassets; sourceTree = "<group>"; };
		D98AD13B213517D80039A106 /* Base */ = {isa = PBXFileReference; lastKnownFileType = file.storyboard; name = Base; path = Base.lproj/LaunchScreen.storyboard; sourceTree = "<group>"; };
		D98AD13D213517D80039A106 /* Info.plist */ = {isa = PBXFileReference; lastKnownFileType = text.plist.xml; path = Info.plist; sourceTree = "<group>"; };
		D98AD142213517D80039A106 /* PaintAppTests.xctest */ = {isa = PBXFileReference; explicitFileType = wrapper.cfbundle; includeInIndex = 0; path = PaintAppTests.xctest; sourceTree = BUILT_PRODUCTS_DIR; };
		D98AD146213517D80039A106 /* PaintAppTests.swift */ = {isa = PBXFileReference; lastKnownFileType = sourcecode.swift; path = PaintAppTests.swift; sourceTree = "<group>"; };
		D98AD148213517D80039A106 /* Info.plist */ = {isa = PBXFileReference; lastKnownFileType = text.plist.xml; path = Info.plist; sourceTree = "<group>"; };
		D98AD1522135198F0039A106 /* PaintViewController.swift */ = {isa = PBXFileReference; lastKnownFileType = sourcecode.swift; path = PaintViewController.swift; sourceTree = "<group>"; };
		D98AD15621351E870039A106 /* PaintViewModel.swift */ = {isa = PBXFileReference; lastKnownFileType = sourcecode.swift; path = PaintViewModel.swift; sourceTree = "<group>"; };
		D9E747BB2135AED3003FD2B4 /* PaintApp.entitlements */ = {isa = PBXFileReference; lastKnownFileType = text.plist.entitlements; path = PaintApp.entitlements; sourceTree = "<group>"; };
		D9E747BF2135AEEE003FD2B4 /* ExternalAccessory.framework */ = {isa = PBXFileReference; lastKnownFileType = wrapper.framework; name = ExternalAccessory.framework; path = System/Library/Frameworks/ExternalAccessory.framework; sourceTree = SDKROOT; };
		D9F9C1F421369DB400EB0B5A /* CLLocation+Extension.swift */ = {isa = PBXFileReference; fileEncoding = 4; lastKnownFileType = sourcecode.swift; path = "CLLocation+Extension.swift"; sourceTree = "<group>"; };
/* End PBXFileReference section */

/* Begin PBXFrameworksBuildPhase section */
		D98AD12B213517D10039A106 /* Frameworks */ = {
			isa = PBXFrameworksBuildPhase;
			buildActionMask = 2147483647;
			files = (
				D9E747C02135AEEE003FD2B4 /* ExternalAccessory.framework in Frameworks */,
			);
			runOnlyForDeploymentPostprocessing = 0;
		};
		D98AD13F213517D80039A106 /* Frameworks */ = {
			isa = PBXFrameworksBuildPhase;
			buildActionMask = 2147483647;
			files = (
			);
			runOnlyForDeploymentPostprocessing = 0;
		};
/* End PBXFrameworksBuildPhase section */

/* Begin PBXGroup section */
		D91869CC2135279E0089F20C /* Menu */ = {
			isa = PBXGroup;
			children = (
				D91869CD213527BE0089F20C /* MenuViewController.swift */,
				D91869D7213533E60089F20C /* MenuViewModel.swift */,
			);
			path = Menu;
			sourceTree = "<group>";
		};
		D91869CF213528310089F20C /* View */ = {
			isa = PBXGroup;
			children = (
				D91869D0213528480089F20C /* MenuCell.swift */,
				D91869D1213528480089F20C /* MenuCell.xib */,
			);
			path = View;
			sourceTree = "<group>";
		};
		D91869D4213532580089F20C /* Helper */ = {
			isa = PBXGroup;
			children = (
				D9F9C1F421369DB400EB0B5A /* CLLocation+Extension.swift */,
				D92D7F682135703800210420 /* AppConstant.swift */,
				D91869D5213532F80089F20C /* PaintColor.swift */,
				D91869DB2135403C0089F20C /* SharedAppStorage.swift */,
			);
			path = Helper;
			sourceTree = "<group>";
		};
		D92D7F6A213579E200210420 /* Paint */ = {
			isa = PBXGroup;
			children = (
				D98AD1522135198F0039A106 /* PaintViewController.swift */,
				D98AD15621351E870039A106 /* PaintViewModel.swift */,
			);
			path = Paint;
			sourceTree = "<group>";
		};
		D98AD125213517D10039A106 = {
			isa = PBXGroup;
			children = (
				D98AD130213517D10039A106 /* PaintApp */,
				D98AD145213517D80039A106 /* PaintAppTests */,
				D98AD12F213517D10039A106 /* Products */,
				D9E747BC2135AEE1003FD2B4 /* Frameworks */,
			);
			sourceTree = "<group>";
		};
		D98AD12F213517D10039A106 /* Products */ = {
			isa = PBXGroup;
			children = (
				D98AD12E213517D10039A106 /* PaintApp.app */,
				D98AD142213517D80039A106 /* PaintAppTests.xctest */,
			);
			name = Products;
			sourceTree = "<group>";
		};
		D98AD130213517D10039A106 /* PaintApp */ = {
			isa = PBXGroup;
			children = (
				D9E747BB2135AED3003FD2B4 /* PaintApp.entitlements */,
				D91869D4213532580089F20C /* Helper */,
				D91869CF213528310089F20C /* View */,
				D98AD13D213517D80039A106 /* Info.plist */,
				D98AD1512135197B0039A106 /* Controller */,
				D98AD15421351D6A0039A106 /* AppDelegate */,
				D98AD15521351D820039A106 /* Resources */,
			);
			path = PaintApp;
			sourceTree = "<group>";
		};
		D98AD145213517D80039A106 /* PaintAppTests */ = {
			isa = PBXGroup;
			children = (
				D98AD146213517D80039A106 /* PaintAppTests.swift */,
				D98AD148213517D80039A106 /* Info.plist */,
			);
			path = PaintAppTests;
			sourceTree = "<group>";
		};
		D98AD1512135197B0039A106 /* Controller */ = {
			isa = PBXGroup;
			children = (
				D91869CC2135279E0089F20C /* Menu */,
				D92D7F6A213579E200210420 /* Paint */,
			);
			path = Controller;
			sourceTree = "<group>";
		};
		D98AD15421351D6A0039A106 /* AppDelegate */ = {
			isa = PBXGroup;
			children = (
				D98AD131213517D10039A106 /* AppDelegate.swift */,
			);
			path = AppDelegate;
			sourceTree = "<group>";
		};
		D98AD15521351D820039A106 /* Resources */ = {
			isa = PBXGroup;
			children = (
				D98AD135213517D10039A106 /* Main.storyboard */,
				D98AD138213517D80039A106 /* Assets.xcassets */,
				D98AD13A213517D80039A106 /* LaunchScreen.storyboard */,
			);
			path = Resources;
			sourceTree = "<group>";
		};
		D9E747BC2135AEE1003FD2B4 /* Frameworks */ = {
			isa = PBXGroup;
			children = (
				D9E747BF2135AEEE003FD2B4 /* ExternalAccessory.framework */,
			);
			name = Frameworks;
			sourceTree = "<group>";
		};
/* End PBXGroup section */

/* Begin PBXNativeTarget section */
		D98AD12D213517D10039A106 /* PaintApp */ = {
			isa = PBXNativeTarget;
			buildConfigurationList = D98AD14B213517D80039A106 /* Build configuration list for PBXNativeTarget "PaintApp" */;
			buildPhases = (
				D98AD12A213517D10039A106 /* Sources */,
				D98AD12B213517D10039A106 /* Frameworks */,
				D98AD12C213517D10039A106 /* Resources */,
			);
			buildRules = (
			);
			dependencies = (
			);
			name = PaintApp;
			productName = PaintApp;
			productReference = D98AD12E213517D10039A106 /* PaintApp.app */;
			productType = "com.apple.product-type.application";
		};
		D98AD141213517D80039A106 /* PaintAppTests */ = {
			isa = PBXNativeTarget;
			buildConfigurationList = D98AD14E213517D80039A106 /* Build configuration list for PBXNativeTarget "PaintAppTests" */;
			buildPhases = (
				D98AD13E213517D80039A106 /* Sources */,
				D98AD13F213517D80039A106 /* Frameworks */,
				D98AD140213517D80039A106 /* Resources */,
			);
			buildRules = (
			);
			dependencies = (
				D98AD144213517D80039A106 /* PBXTargetDependency */,
			);
			name = PaintAppTests;
			productName = PaintAppTests;
			productReference = D98AD142213517D80039A106 /* PaintAppTests.xctest */;
			productType = "com.apple.product-type.bundle.unit-test";
		};
/* End PBXNativeTarget section */

/* Begin PBXProject section */
		D98AD126213517D10039A106 /* Project object */ = {
			isa = PBXProject;
			attributes = {
				LastSwiftUpdateCheck = 0940;
				LastUpgradeCheck = 0940;
				ORGANIZATIONNAME = Digi;
				TargetAttributes = {
					D98AD12D213517D10039A106 = {
						CreatedOnToolsVersion = 9.4.1;
						SystemCapabilities = {
							com.apple.BackgroundModes = {
								enabled = 1;
							};
							com.apple.ClassKit = {
								enabled = 0;
							};
							com.apple.Maps.iOS = {
								enabled = 0;
							};
							com.apple.WAC = {
								enabled = 1;
							};
						};
					};
					D98AD141213517D80039A106 = {
						CreatedOnToolsVersion = 9.4.1;
						TestTargetID = D98AD12D213517D10039A106;
					};
				};
			};
			buildConfigurationList = D98AD129213517D10039A106 /* Build configuration list for PBXProject "PaintApp" */;
			compatibilityVersion = "Xcode 9.3";
			developmentRegion = en;
			hasScannedForEncodings = 0;
			knownRegions = (
				en,
				Base,
			);
			mainGroup = D98AD125213517D10039A106;
			productRefGroup = D98AD12F213517D10039A106 /* Products */;
			projectDirPath = "";
			projectRoot = "";
			targets = (
				D98AD12D213517D10039A106 /* PaintApp */,
				D98AD141213517D80039A106 /* PaintAppTests */,
			);
		};
/* End PBXProject section */

/* Begin PBXResourcesBuildPhase section */
		D98AD12C213517D10039A106 /* Resources */ = {
			isa = PBXResourcesBuildPhase;
			buildActionMask = 2147483647;
			files = (
				D98AD13C213517D80039A106 /* LaunchScreen.storyboard in Resources */,
				D98AD139213517D80039A106 /* Assets.xcassets in Resources */,
				D91869D3213528480089F20C /* MenuCell.xib in Resources */,
				D98AD137213517D10039A106 /* Main.storyboard in Resources */,
			);
			runOnlyForDeploymentPostprocessing = 0;
		};
		D98AD140213517D80039A106 /* Resources */ = {
			isa = PBXResourcesBuildPhase;
			buildActionMask = 2147483647;
			files = (
			);
			runOnlyForDeploymentPostprocessing = 0;
		};
/* End PBXResourcesBuildPhase section */

/* Begin PBXSourcesBuildPhase section */
		D98AD12A213517D10039A106 /* Sources */ = {
			isa = PBXSourcesBuildPhase;
			buildActionMask = 2147483647;
			files = (
				D92D7F692135703800210420 /* AppConstant.swift in Sources */,
				D98AD15721351E870039A106 /* PaintViewModel.swift in Sources */,
				D91869DC2135403C0089F20C /* SharedAppStorage.swift in Sources */,
				D91869D8213533E60089F20C /* MenuViewModel.swift in Sources */,
				D91869D2213528480089F20C /* MenuCell.swift in Sources */,
				D91869D6213532F80089F20C /* PaintColor.swift in Sources */,
				D98AD1532135198F0039A106 /* PaintViewController.swift in Sources */,
				D98AD132213517D10039A106 /* AppDelegate.swift in Sources */,
				D91869CE213527BE0089F20C /* MenuViewController.swift in Sources */,
				D9F9C1F521369DB400EB0B5A /* CLLocation+Extension.swift in Sources */,
			);
			runOnlyForDeploymentPostprocessing = 0;
		};
		D98AD13E213517D80039A106 /* Sources */ = {
			isa = PBXSourcesBuildPhase;
			buildActionMask = 2147483647;
			files = (
				D98AD147213517D80039A106 /* PaintAppTests.swift in Sources */,
			);
			runOnlyForDeploymentPostprocessing = 0;
		};
/* End PBXSourcesBuildPhase section */

/* Begin PBXTargetDependency section */
		D98AD144213517D80039A106 /* PBXTargetDependency */ = {
			isa = PBXTargetDependency;
			target = D98AD12D213517D10039A106 /* PaintApp */;
			targetProxy = D98AD143213517D80039A106 /* PBXContainerItemProxy */;
		};
/* End PBXTargetDependency section */

/* Begin PBXVariantGroup section */
		D98AD135213517D10039A106 /* Main.storyboard */ = {
			isa = PBXVariantGroup;
			children = (
				D98AD136213517D10039A106 /* Base */,
			);
			name = Main.storyboard;
			sourceTree = "<group>";
		};
		D98AD13A213517D80039A106 /* LaunchScreen.storyboard */ = {
			isa = PBXVariantGroup;
			children = (
				D98AD13B213517D80039A106 /* Base */,
			);
			name = LaunchScreen.storyboard;
			sourceTree = "<group>";
		};
/* End PBXVariantGroup section */

/* Begin XCBuildConfiguration section */
		D98AD149213517D80039A106 /* Debug */ = {
			isa = XCBuildConfiguration;
			buildSettings = {
				ALWAYS_SEARCH_USER_PATHS = NO;
				CLANG_ANALYZER_NONNULL = YES;
				CLANG_ANALYZER_NUMBER_OBJECT_CONVERSION = YES_AGGRESSIVE;
				CLANG_CXX_LANGUAGE_STANDARD = "gnu++14";
				CLANG_CXX_LIBRARY = "libc++";
				CLANG_ENABLE_MODULES = YES;
				CLANG_ENABLE_OBJC_ARC = YES;
				CLANG_ENABLE_OBJC_WEAK = YES;
				CLANG_WARN_BLOCK_CAPTURE_AUTORELEASING = YES;
				CLANG_WARN_BOOL_CONVERSION = YES;
				CLANG_WARN_COMMA = YES;
				CLANG_WARN_CONSTANT_CONVERSION = YES;
				CLANG_WARN_DEPRECATED_OBJC_IMPLEMENTATIONS = YES;
				CLANG_WARN_DIRECT_OBJC_ISA_USAGE = YES_ERROR;
				CLANG_WARN_DOCUMENTATION_COMMENTS = YES;
				CLANG_WARN_EMPTY_BODY = YES;
				CLANG_WARN_ENUM_CONVERSION = YES;
				CLANG_WARN_INFINITE_RECURSION = YES;
				CLANG_WARN_INT_CONVERSION = YES;
				CLANG_WARN_NON_LITERAL_NULL_CONVERSION = YES;
				CLANG_WARN_OBJC_IMPLICIT_RETAIN_SELF = YES;
				CLANG_WARN_OBJC_LITERAL_CONVERSION = YES;
				CLANG_WARN_OBJC_ROOT_CLASS = YES_ERROR;
				CLANG_WARN_RANGE_LOOP_ANALYSIS = YES;
				CLANG_WARN_STRICT_PROTOTYPES = YES;
				CLANG_WARN_SUSPICIOUS_MOVE = YES;
				CLANG_WARN_UNGUARDED_AVAILABILITY = YES_AGGRESSIVE;
				CLANG_WARN_UNREACHABLE_CODE = YES;
				CLANG_WARN__DUPLICATE_METHOD_MATCH = YES;
				CODE_SIGN_IDENTITY = "iPhone Developer";
				COPY_PHASE_STRIP = NO;
				DEBUG_INFORMATION_FORMAT = dwarf;
				ENABLE_STRICT_OBJC_MSGSEND = YES;
				ENABLE_TESTABILITY = YES;
				GCC_C_LANGUAGE_STANDARD = gnu11;
				GCC_DYNAMIC_NO_PIC = NO;
				GCC_NO_COMMON_BLOCKS = YES;
				GCC_OPTIMIZATION_LEVEL = 0;
				GCC_PREPROCESSOR_DEFINITIONS = (
					"DEBUG=1",
					"$(inherited)",
				);
				GCC_WARN_64_TO_32_BIT_CONVERSION = YES;
				GCC_WARN_ABOUT_RETURN_TYPE = YES_ERROR;
				GCC_WARN_UNDECLARED_SELECTOR = YES;
				GCC_WARN_UNINITIALIZED_AUTOS = YES_AGGRESSIVE;
				GCC_WARN_UNUSED_FUNCTION = YES;
				GCC_WARN_UNUSED_VARIABLE = YES;
				IPHONEOS_DEPLOYMENT_TARGET = 11.4;
				MTL_ENABLE_DEBUG_INFO = YES;
				ONLY_ACTIVE_ARCH = YES;
				SDKROOT = iphoneos;
				SWIFT_ACTIVE_COMPILATION_CONDITIONS = DEBUG;
				SWIFT_OPTIMIZATION_LEVEL = "-Onone";
			};
			name = Debug;
		};
		D98AD14A213517D80039A106 /* Release */ = {
			isa = XCBuildConfiguration;
			buildSettings = {
				ALWAYS_SEARCH_USER_PATHS = NO;
				CLANG_ANALYZER_NONNULL = YES;
				CLANG_ANALYZER_NUMBER_OBJECT_CONVERSION = YES_AGGRESSIVE;
				CLANG_CXX_LANGUAGE_STANDARD = "gnu++14";
				CLANG_CXX_LIBRARY = "libc++";
				CLANG_ENABLE_MODULES = YES;
				CLANG_ENABLE_OBJC_ARC = YES;
				CLANG_ENABLE_OBJC_WEAK = YES;
				CLANG_WARN_BLOCK_CAPTURE_AUTORELEASING = YES;
				CLANG_WARN_BOOL_CONVERSION = YES;
				CLANG_WARN_COMMA = YES;
				CLANG_WARN_CONSTANT_CONVERSION = YES;
				CLANG_WARN_DEPRECATED_OBJC_IMPLEMENTATIONS = YES;
				CLANG_WARN_DIRECT_OBJC_ISA_USAGE = YES_ERROR;
				CLANG_WARN_DOCUMENTATION_COMMENTS = YES;
				CLANG_WARN_EMPTY_BODY = YES;
				CLANG_WARN_ENUM_CONVERSION = YES;
				CLANG_WARN_INFINITE_RECURSION = YES;
				CLANG_WARN_INT_CONVERSION = YES;
				CLANG_WARN_NON_LITERAL_NULL_CONVERSION = YES;
				CLANG_WARN_OBJC_IMPLICIT_RETAIN_SELF = YES;
				CLANG_WARN_OBJC_LITERAL_CONVERSION = YES;
				CLANG_WARN_OBJC_ROOT_CLASS = YES_ERROR;
				CLANG_WARN_RANGE_LOOP_ANALYSIS = YES;
				CLANG_WARN_STRICT_PROTOTYPES = YES;
				CLANG_WARN_SUSPICIOUS_MOVE = YES;
				CLANG_WARN_UNGUARDED_AVAILABILITY = YES_AGGRESSIVE;
				CLANG_WARN_UNREACHABLE_CODE = YES;
				CLANG_WARN__DUPLICATE_METHOD_MATCH = YES;
				CODE_SIGN_IDENTITY = "iPhone Developer";
				COPY_PHASE_STRIP = NO;
				DEBUG_INFORMATION_FORMAT = "dwarf-with-dsym";
				ENABLE_NS_ASSERTIONS = NO;
				ENABLE_STRICT_OBJC_MSGSEND = YES;
				GCC_C_LANGUAGE_STANDARD = gnu11;
				GCC_NO_COMMON_BLOCKS = YES;
				GCC_WARN_64_TO_32_BIT_CONVERSION = YES;
				GCC_WARN_ABOUT_RETURN_TYPE = YES_ERROR;
				GCC_WARN_UNDECLARED_SELECTOR = YES;
				GCC_WARN_UNINITIALIZED_AUTOS = YES_AGGRESSIVE;
				GCC_WARN_UNUSED_FUNCTION = YES;
				GCC_WARN_UNUSED_VARIABLE = YES;
				IPHONEOS_DEPLOYMENT_TARGET = 11.4;
				MTL_ENABLE_DEBUG_INFO = NO;
				SDKROOT = iphoneos;
				SWIFT_COMPILATION_MODE = wholemodule;
				SWIFT_OPTIMIZATION_LEVEL = "-O";
				VALIDATE_PRODUCT = YES;
			};
			name = Release;
		};
		D98AD14C213517D80039A106 /* Debug */ = {
			isa = XCBuildConfiguration;
			buildSettings = {
				ASSETCATALOG_COMPILER_APPICON_NAME = AppIcon;
				CODE_SIGN_ENTITLEMENTS = PaintApp/PaintApp.entitlements;
				CODE_SIGN_STYLE = Automatic;
				DEVELOPMENT_TEAM = 53598E666Y;
				INFOPLIST_FILE = PaintApp/Info.plist;
				IPHONEOS_DEPLOYMENT_TARGET = 11.0;
				LD_RUNPATH_SEARCH_PATHS = (
					"$(inherited)",
					"@executable_path/Frameworks",
				);
				PRODUCT_BUNDLE_IDENTIFIER = com.digi.PaintApp;
				PRODUCT_NAME = "$(TARGET_NAME)";
				SWIFT_VERSION = 4.0;
				TARGETED_DEVICE_FAMILY = "1,2";
			};
			name = Debug;
		};
		D98AD14D213517D80039A106 /* Release */ = {
			isa = XCBuildConfiguration;
			buildSettings = {
				ASSETCATALOG_COMPILER_APPICON_NAME = AppIcon;
				CODE_SIGN_ENTITLEMENTS = PaintApp/PaintApp.entitlements;
				CODE_SIGN_STYLE = Automatic;
				DEVELOPMENT_TEAM = 53598E666Y;
				INFOPLIST_FILE = PaintApp/Info.plist;
				IPHONEOS_DEPLOYMENT_TARGET = 11.0;
				LD_RUNPATH_SEARCH_PATHS = (
					"$(inherited)",
					"@executable_path/Frameworks",
				);
				PRODUCT_BUNDLE_IDENTIFIER = com.digi.PaintApp;
				PRODUCT_NAME = "$(TARGET_NAME)";
				SWIFT_VERSION = 4.0;
				TARGETED_DEVICE_FAMILY = "1,2";
			};
			name = Release;
		};
		D98AD14F213517D80039A106 /* Debug */ = {
			isa = XCBuildConfiguration;
			buildSettings = {
				ALWAYS_EMBED_SWIFT_STANDARD_LIBRARIES = YES;
				BUNDLE_LOADER = "$(TEST_HOST)";
				CODE_SIGN_STYLE = Automatic;
				DEVELOPMENT_TEAM = 53598E666Y;
				INFOPLIST_FILE = PaintAppTests/Info.plist;
				LD_RUNPATH_SEARCH_PATHS = (
					"$(inherited)",
					"@executable_path/Frameworks",
					"@loader_path/Frameworks",
				);
				PRODUCT_BUNDLE_IDENTIFIER = com.digi.PaintAppTests;
				PRODUCT_NAME = "$(TARGET_NAME)";
				SWIFT_VERSION = 4.0;
				TARGETED_DEVICE_FAMILY = "1,2";
				TEST_HOST = "$(BUILT_PRODUCTS_DIR)/PaintApp.app/PaintApp";
			};
			name = Debug;
		};
		D98AD150213517D80039A106 /* Release */ = {
			isa = XCBuildConfiguration;
			buildSettings = {
				ALWAYS_EMBED_SWIFT_STANDARD_LIBRARIES = YES;
				BUNDLE_LOADER = "$(TEST_HOST)";
				CODE_SIGN_STYLE = Automatic;
				DEVELOPMENT_TEAM = 53598E666Y;
				INFOPLIST_FILE = PaintAppTests/Info.plist;
				LD_RUNPATH_SEARCH_PATHS = (
					"$(inherited)",
					"@executable_path/Frameworks",
					"@loader_path/Frameworks",
				);
				PRODUCT_BUNDLE_IDENTIFIER = com.digi.PaintAppTests;
				PRODUCT_NAME = "$(TARGET_NAME)";
				SWIFT_VERSION = 4.0;
				TARGETED_DEVICE_FAMILY = "1,2";
				TEST_HOST = "$(BUILT_PRODUCTS_DIR)/PaintApp.app/PaintApp";
			};
			name = Release;
		};
/* End XCBuildConfiguration section */

/* Begin XCConfigurationList section */
		D98AD129213517D10039A106 /* Build configuration list for PBXProject "PaintApp" */ = {
			isa = XCConfigurationList;
			buildConfigurations = (
				D98AD149213517D80039A106 /* Debug */,
				D98AD14A213517D80039A106 /* Release */,
			);
			defaultConfigurationIsVisible = 0;
			defaultConfigurationName = Release;
		};
		D98AD14B213517D80039A106 /* Build configuration list for PBXNativeTarget "PaintApp" */ = {
			isa = XCConfigurationList;
			buildConfigurations = (
				D98AD14C213517D80039A106 /* Debug */,
				D98AD14D213517D80039A106 /* Release */,
			);
			defaultConfigurationIsVisible = 0;
			defaultConfigurationName = Release;
		};
		D98AD14E213517D80039A106 /* Build configuration list for PBXNativeTarget "PaintAppTests" */ = {
			isa = XCConfigurationList;
			buildConfigurations = (
				D98AD14F213517D80039A106 /* Debug */,
				D98AD150213517D80039A106 /* Release */,
			);
			defaultConfigurationIsVisible = 0;
			defaultConfigurationName = Release;
		};
/* End XCConfigurationList section */
	};
	rootObject = D98AD126213517D10039A106 /* Project object */;
}
